
Microsoft Visual Studio Solution File, Format Version 12.00
# Visual Studio Version 17
VisualStudioVersion = 17.7.34221.43
MinimumVisualStudioVersion = 10.0.40219.1
Project("{FAE04EC0-301F-11D3-BF4B-00C04F79EFBC}") = "Othello", "Othello.csproj", "{014BDAA5-89A1-4338-8015-BBED1D373DFC}"
EndProject
Global
	GlobalSection(SolutionConfigurationPlatforms) = preSolution
		Debug|Any CPU = Debug|Any CPU
		Release|Any CPU = Release|Any CPU
	EndGlobalSection
	GlobalSection(ProjectConfigurationPlatforms) = postSolution
		{014BDAA5-89A1-4338-8015-BBED1D373DFC}.Debug|Any CPU.ActiveCfg = Debug|Any CPU
		{014BDAA5-89A1-4338-8015-BBED1D373DFC}.Debug|Any CPU.Build.0 = Debug|Any CPU
		{014BDAA5-89A1-4338-8015-BBED1D373DFC}.Release|Any CPU.ActiveCfg = Release|Any CPU
		{014BDAA5-89A1-4338-8015-BBED1D373DFC}.Release|Any CPU.Build.0 = Release|Any CPU
	EndGlobalSection
	GlobalSection(SolutionProperties) = preSolution
		HideSolutionNode = FALSE
	EndGlobalSection
	GlobalSection(ExtensibilityGlobals) = postSolution
		SolutionGuid = {90DCB91B-EEBC-481B-9B00-51617D9F1C30}
	EndGlobalSection
EndGlobal
